
Microsoft Visual Studio Solution File, Format Version 12.00
# Visual Studio Version 17
VisualStudioVersion = 17.13.35825.156
MinimumVisualStudioVersion = 10.0.40219.1
Project("{FAE04EC0-301F-11D3-BF4B-00C04F79EFBC}") = "WebApplication4", "WebApplication4\WebApplication4.csproj", "{F655404E-7269-45EB-B22E-20FE5F1BA8B1}"
EndProject
Global
	GlobalSection(SolutionConfigurationPlatforms) = preSolution
		Debug|Any CPU = Debug|Any CPU
		Release|Any CPU = Release|Any CPU
	EndGlobalSection
	GlobalSection(ProjectConfigurationPlatforms) = postSolution
		{F655404E-7269-45EB-B22E-20FE5F1BA8B1}.Debug|Any CPU.ActiveCfg = Debug|Any CPU
		{F655404E-7269-45EB-B22E-20FE5F1BA8B1}.Debug|Any CPU.Build.0 = Debug|Any CPU
		{F655404E-7269-45EB-B22E-20FE5F1BA8B1}.Release|Any CPU.ActiveCfg = Release|Any CPU
		{F655404E-7269-45EB-B22E-20FE5F1BA8B1}.Release|Any CPU.Build.0 = Release|Any CPU
	EndGlobalSection
	GlobalSection(SolutionProperties) = preSolution
		HideSolutionNode = FALSE
	EndGlobalSection
	GlobalSection(ExtensibilityGlobals) = postSolution
		SolutionGuid = {4029CAC1-3BD8-4FB1-B2CE-AC8A1D9DF7FD}
	EndGlobalSection
EndGlobal
